# This file is autogenerated, do not edit; changes may be undone by the next 'dep ensure'.


[[projects]]
  name = "github.com/maknahar/go-utils"
  packages = ["."]
  revision = "e0e1887344d7755c26eabdfc5e563c8658c39d39"
  version = "0.1"

[solve-meta]
  analyzer-name = "dep"
  analyzer-version = 1
  inputs-digest = "63438251dc358ee18aca1fc98a45578b6353940797a0ad4a44aee8f74a3edac1"
  solver-name = "gps-cdcl"
  solver-version = 1
